
Microsoft Visual Studio Solution File, Format Version 12.00
# Visual Studio Version 16
VisualStudioVersion = 16.0.30804.86
MinimumVisualStudioVersion = 10.0.40219.1
Project("{FAE04EC0-301F-11D3-BF4B-00C04F79EFBC}") = "CommonLib", "CommonLib\CommonLib.csproj", "{736431FD-781A-4F9A-BAF6-15E2B7A817AD}"
EndProject
Global
	GlobalSection(SolutionConfigurationPlatforms) = preSolution
		Debug|Any CPU = Debug|Any CPU
		Release|Any CPU = Release|Any CPU
	EndGlobalSection
	GlobalSection(ProjectConfigurationPlatforms) = postSolution
		{736431FD-781A-4F9A-BAF6-15E2B7A817AD}.Debug|Any CPU.ActiveCfg = Debug|Any CPU
		{736431FD-781A-4F9A-BAF6-15E2B7A817AD}.Debug|Any CPU.Build.0 = Debug|Any CPU
		{736431FD-781A-4F9A-BAF6-15E2B7A817AD}.Release|Any CPU.ActiveCfg = Release|Any CPU
		{736431FD-781A-4F9A-BAF6-15E2B7A817AD}.Release|Any CPU.Build.0 = Release|Any CPU
	EndGlobalSection
	GlobalSection(SolutionProperties) = preSolution
		HideSolutionNode = FALSE
	EndGlobalSection
	GlobalSection(ExtensibilityGlobals) = postSolution
		SolutionGuid = {44A5BEE8-0017-496A-A9D8-6B0ABB3C79E3}
	EndGlobalSection
EndGlobal
